
Microsoft Visual Studio Solution File, Format Version 12.00
# Visual Studio Version 17
VisualStudioVersion = 17.14.36511.14 d17.14
MinimumVisualStudioVersion = 10.0.40219.1
Project("{8BC9CEB8-8B4A-11D0-8D11-00A0C91BC942}") = "Lab_05_01", "Lab_05_01\Lab_05_01.vcxproj", "{FB1129E8-41A2-45D3-833A-209DD5C2F59B}"
EndProject
Project("{8BC9CEB8-8B4A-11D0-8D11-00A0C91BC942}") = "UnitTest1", "UnitTest1\UnitTest1.vcxproj", "{5768658D-5753-57BE-9F55-89088097DC31}"
EndProject
Global
	GlobalSection(SolutionConfigurationPlatforms) = preSolution
		Debug|x64 = Debug|x64
		Debug|x86 = Debug|x86
		Release|x64 = Release|x64
		Release|x86 = Release|x86
	EndGlobalSection
	GlobalSection(ProjectConfigurationPlatforms) = postSolution
		{FB1129E8-41A2-45D3-833A-209DD5C2F59B}.Debug|x64.ActiveCfg = Debug|x64
		{FB1129E8-41A2-45D3-833A-209DD5C2F59B}.Debug|x64.Build.0 = Debug|x64
		{FB1129E8-41A2-45D3-833A-209DD5C2F59B}.Debug|x86.ActiveCfg = Debug|Win32
		{FB1129E8-41A2-45D3-833A-209DD5C2F59B}.Debug|x86.Build.0 = Debug|Win32
		{FB1129E8-41A2-45D3-833A-209DD5C2F59B}.Release|x64.ActiveCfg = Release|x64
		{FB1129E8-41A2-45D3-833A-209DD5C2F59B}.Release|x64.Build.0 = Release|x64
		{FB1129E8-41A2-45D3-833A-209DD5C2F59B}.Release|x86.ActiveCfg = Release|Win32
		{FB1129E8-41A2-45D3-833A-209DD5C2F59B}.Release|x86.Build.0 = Release|Win32
		{5768658D-5753-57BE-9F55-89088097DC31}.Debug|x64.ActiveCfg = Debug|x64
		{5768658D-5753-57BE-9F55-89088097DC31}.Debug|x64.Build.0 = Debug|x64
		{5768658D-5753-57BE-9F55-89088097DC31}.Debug|x86.ActiveCfg = Debug|Win32
		{5768658D-5753-57BE-9F55-89088097DC31}.Debug|x86.Build.0 = Debug|Win32
		{5768658D-5753-57BE-9F55-89088097DC31}.Release|x64.ActiveCfg = Release|x64
		{5768658D-5753-57BE-9F55-89088097DC31}.Release|x64.Build.0 = Release|x64
		{5768658D-5753-57BE-9F55-89088097DC31}.Release|x86.ActiveCfg = Release|Win32
		{5768658D-5753-57BE-9F55-89088097DC31}.Release|x86.Build.0 = Release|Win32
	EndGlobalSection
	GlobalSection(SolutionProperties) = preSolution
		HideSolutionNode = FALSE
	EndGlobalSection
	GlobalSection(ExtensibilityGlobals) = postSolution
		SolutionGuid = {D7A691B1-F369-4AF8-8416-3683AB062172}
	EndGlobalSection
EndGlobal
